
Microsoft Visual Studio Solution File, Format Version 12.00
# Visual Studio 15
VisualStudioVersion = 15.0.28307.1300
MinimumVisualStudioVersion = 10.0.40219.1
Project("{FAE04EC0-301F-11D3-BF4B-00C04F79EFBC}") = "TalhaBayrakcıProject", "TalhaBayrakcıProject\TalhaBayrakcıProject.csproj", "{C3BACFFB-5359-41C5-A593-C4B8FAEC8B46}"
EndProject
Global
	GlobalSection(SolutionConfigurationPlatforms) = preSolution
		Debug|Any CPU = Debug|Any CPU
		Release|Any CPU = Release|Any CPU
	EndGlobalSection
	GlobalSection(ProjectConfigurationPlatforms) = postSolution
		{C3BACFFB-5359-41C5-A593-C4B8FAEC8B46}.Debug|Any CPU.ActiveCfg = Debug|Any CPU
		{C3BACFFB-5359-41C5-A593-C4B8FAEC8B46}.Debug|Any CPU.Build.0 = Debug|Any CPU
		{C3BACFFB-5359-41C5-A593-C4B8FAEC8B46}.Release|Any CPU.ActiveCfg = Release|Any CPU
		{C3BACFFB-5359-41C5-A593-C4B8FAEC8B46}.Release|Any CPU.Build.0 = Release|Any CPU
	EndGlobalSection
	GlobalSection(SolutionProperties) = preSolution
		HideSolutionNode = FALSE
	EndGlobalSection
	GlobalSection(ExtensibilityGlobals) = postSolution
		SolutionGuid = {2DAC90BB-DF1B-4F39-A158-FCC19D5074F3}
	EndGlobalSection
EndGlobal
